
Microsoft Visual Studio Solution File, Format Version 12.00
# Visual Studio Version 17
VisualStudioVersion = 17.10.35013.160
MinimumVisualStudioVersion = 10.0.40219.1
Project("{9A19103F-16F7-4668-BE54-9A1E7A4F7556}") = "ActiveDirectorySynthesis", "ActiveDirectorySynthesis\ActiveDirectorySynthesis.csproj", "{42F2B424-FD6D-4283-A4F9-2AB00B6A4F32}"
EndProject
Global
	GlobalSection(SolutionConfigurationPlatforms) = preSolution
		Debug|Any CPU = Debug|Any CPU
		Release|Any CPU = Release|Any CPU
	EndGlobalSection
	GlobalSection(ProjectConfigurationPlatforms) = postSolution
		{42F2B424-FD6D-4283-A4F9-2AB00B6A4F32}.Debug|Any CPU.ActiveCfg = Debug|Any CPU
		{42F2B424-FD6D-4283-A4F9-2AB00B6A4F32}.Debug|Any CPU.Build.0 = Debug|Any CPU
		{42F2B424-FD6D-4283-A4F9-2AB00B6A4F32}.Release|Any CPU.ActiveCfg = Release|Any CPU
		{42F2B424-FD6D-4283-A4F9-2AB00B6A4F32}.Release|Any CPU.Build.0 = Release|Any CPU
	EndGlobalSection
	GlobalSection(SolutionProperties) = preSolution
		HideSolutionNode = FALSE
	EndGlobalSection
	GlobalSection(ExtensibilityGlobals) = postSolution
		SolutionGuid = {C281EB0C-7395-47F2-9016-F4830853191D}
	EndGlobalSection
EndGlobal
